dependencies:
- name: mysql
  repository: https://charts.bitnami.com/bitnami
  version: 9.4.1
- name: kafka
  repository: https://charts.bitnami.com/bitnami
  version: 14.9.0
- name: mongodb
  repository: https://charts.bitnami.com/bitnami
  version: 13.1.7
- name: redis
  repository: https://charts.bitnami.com/bitnami
  version: 15.7.0
digest: sha256:2c9a1f2dfcdf8b3f6e4dedf1721a54c9669d3ead83f0e2ca021849606c275d7c
generated: "2022-10-24T22:48:07.827491-05:00"
